
Microsoft Visual Studio Solution File, Format Version 12.00
# Visual Studio 2013
VisualStudioVersion = 12.0.31101.0
MinimumVisualStudioVersion = 10.0.40219.1
Project("{FAE04EC0-301F-11D3-BF4B-00C04F79EFBC}") = "Ext.CryptoMachine.Desktop", "Ext.CryptoMachine.Desktop\Ext.CryptoMachine.Desktop.csproj", "{8F94B690-B402-40CD-8278-A5B17B4671E6}"
EndProject
Project("{FAE04EC0-301F-11D3-BF4B-00C04F79EFBC}") = "Ext.CryptoMachine.Cryptography", "Ext.CryptoMachine.Cryptography\Ext.CryptoMachine.Cryptography.csproj", "{B5E28273-D870-4821-8468-B556E4999771}"
EndProject
Global
	GlobalSection(SolutionConfigurationPlatforms) = preSolution
		Debug|Any CPU = Debug|Any CPU
		Release|Any CPU = Release|Any CPU
	EndGlobalSection
	GlobalSection(ProjectConfigurationPlatforms) = postSolution
		{8F94B690-B402-40CD-8278-A5B17B4671E6}.Debug|Any CPU.ActiveCfg = Debug|Any CPU
		{8F94B690-B402-40CD-8278-A5B17B4671E6}.Debug|Any CPU.Build.0 = Debug|Any CPU
		{8F94B690-B402-40CD-8278-A5B17B4671E6}.Release|Any CPU.ActiveCfg = Release|Any CPU
		{8F94B690-B402-40CD-8278-A5B17B4671E6}.Release|Any CPU.Build.0 = Release|Any CPU
		{B5E28273-D870-4821-8468-B556E4999771}.Debug|Any CPU.ActiveCfg = Debug|Any CPU
		{B5E28273-D870-4821-8468-B556E4999771}.Debug|Any CPU.Build.0 = Debug|Any CPU
		{B5E28273-D870-4821-8468-B556E4999771}.Release|Any CPU.ActiveCfg = Release|Any CPU
		{B5E28273-D870-4821-8468-B556E4999771}.Release|Any CPU.Build.0 = Release|Any CPU
	EndGlobalSection
	GlobalSection(SolutionProperties) = preSolution
		HideSolutionNode = FALSE
	EndGlobalSection
EndGlobal
